
Microsoft Visual Studio Solution File, Format Version 12.00
# Visual Studio Version 16
VisualStudioVersion = 16.0.29806.167
MinimumVisualStudioVersion = 10.0.40219.1
Project("{2150E333-8FDC-42A3-9474-1A3956D46DE8}") = "Application", "Application", "{C0B6FF75-ECB4-45C5-A5A9-1E2FBC66E076}"
EndProject
Project("{2150E333-8FDC-42A3-9474-1A3956D46DE8}") = "Domain", "Domain", "{5B74C9CE-D367-430F-8AE6-04705F766E85}"
EndProject
Project("{2150E333-8FDC-42A3-9474-1A3956D46DE8}") = "Infra.Data", "Infra.Data", "{39EF3D1E-115D-49EC-87DE-2CA6B33EC984}"
EndProject
Project("{2150E333-8FDC-42A3-9474-1A3956D46DE8}") = "Infra.IoC", "Infra.IoC", "{AAA15E5A-11F5-4E0D-9062-679E36DBDDBA}"
EndProject
Project("{2150E333-8FDC-42A3-9474-1A3956D46DE8}") = "Presentation", "Presentation", "{B7CCD4BB-729C-4C09-9E9C-98F0A9E041A0}"
EndProject
Project("{FAE04EC0-301F-11D3-BF4B-00C04F79EFBC}") = "DSM.Application", "DSM.Application\DSM.Application.csproj", "{1AEBE146-FA72-4B55-BB78-310FDF26BA46}"
EndProject
Project("{FAE04EC0-301F-11D3-BF4B-00C04F79EFBC}") = "DSM.Domain", "DSM.Domain\DSM.Domain.csproj", "{FA0CD59E-C855-4B94-8365-7271E150BD7F}"
EndProject
Project("{FAE04EC0-301F-11D3-BF4B-00C04F79EFBC}") = "DSM.Infra.Data", "DSM.Infra.Data\DSM.Infra.Data.csproj", "{A6057690-B54F-41A7-8313-55FB03493DA8}"
EndProject
Project("{FAE04EC0-301F-11D3-BF4B-00C04F79EFBC}") = "DSM.Infra.IoC", "DSM.Infra.IoC\DSM.Infra.IoC.csproj", "{BF2591F9-C1AE-473E-A00E-8589315497F4}"
EndProject
Project("{FAE04EC0-301F-11D3-BF4B-00C04F79EFBC}") = "DSM.APIs", "DSM.APIs\DSM.APIs.csproj", "{07850241-27A9-4791-88C6-F738C337E772}"
EndProject
Global
	GlobalSection(SolutionConfigurationPlatforms) = preSolution
		Debug|Any CPU = Debug|Any CPU
		Release|Any CPU = Release|Any CPU
	EndGlobalSection
	GlobalSection(ProjectConfigurationPlatforms) = postSolution
		{1AEBE146-FA72-4B55-BB78-310FDF26BA46}.Debug|Any CPU.ActiveCfg = Debug|Any CPU
		{1AEBE146-FA72-4B55-BB78-310FDF26BA46}.Debug|Any CPU.Build.0 = Debug|Any CPU
		{1AEBE146-FA72-4B55-BB78-310FDF26BA46}.Release|Any CPU.ActiveCfg = Release|Any CPU
		{1AEBE146-FA72-4B55-BB78-310FDF26BA46}.Release|Any CPU.Build.0 = Release|Any CPU
		{FA0CD59E-C855-4B94-8365-7271E150BD7F}.Debug|Any CPU.ActiveCfg = Debug|Any CPU
		{FA0CD59E-C855-4B94-8365-7271E150BD7F}.Debug|Any CPU.Build.0 = Debug|Any CPU
		{FA0CD59E-C855-4B94-8365-7271E150BD7F}.Release|Any CPU.ActiveCfg = Release|Any CPU
		{FA0CD59E-C855-4B94-8365-7271E150BD7F}.Release|Any CPU.Build.0 = Release|Any CPU
		{A6057690-B54F-41A7-8313-55FB03493DA8}.Debug|Any CPU.ActiveCfg = Debug|Any CPU
		{A6057690-B54F-41A7-8313-55FB03493DA8}.Debug|Any CPU.Build.0 = Debug|Any CPU
		{A6057690-B54F-41A7-8313-55FB03493DA8}.Release|Any CPU.ActiveCfg = Release|Any CPU
		{A6057690-B54F-41A7-8313-55FB03493DA8}.Release|Any CPU.Build.0 = Release|Any CPU
		{BF2591F9-C1AE-473E-A00E-8589315497F4}.Debug|Any CPU.ActiveCfg = Debug|Any CPU
		{BF2591F9-C1AE-473E-A00E-8589315497F4}.Debug|Any CPU.Build.0 = Debug|Any CPU
		{BF2591F9-C1AE-473E-A00E-8589315497F4}.Release|Any CPU.ActiveCfg = Release|Any CPU
		{BF2591F9-C1AE-473E-A00E-8589315497F4}.Release|Any CPU.Build.0 = Release|Any CPU
		{07850241-27A9-4791-88C6-F738C337E772}.Debug|Any CPU.ActiveCfg = Debug|Any CPU
		{07850241-27A9-4791-88C6-F738C337E772}.Debug|Any CPU.Build.0 = Debug|Any CPU
		{07850241-27A9-4791-88C6-F738C337E772}.Release|Any CPU.ActiveCfg = Release|Any CPU
		{07850241-27A9-4791-88C6-F738C337E772}.Release|Any CPU.Build.0 = Release|Any CPU
	EndGlobalSection
	GlobalSection(SolutionProperties) = preSolution
		HideSolutionNode = FALSE
	EndGlobalSection
	GlobalSection(NestedProjects) = preSolution
		{1AEBE146-FA72-4B55-BB78-310FDF26BA46} = {C0B6FF75-ECB4-45C5-A5A9-1E2FBC66E076}
		{FA0CD59E-C855-4B94-8365-7271E150BD7F} = {5B74C9CE-D367-430F-8AE6-04705F766E85}
		{A6057690-B54F-41A7-8313-55FB03493DA8} = {39EF3D1E-115D-49EC-87DE-2CA6B33EC984}
		{BF2591F9-C1AE-473E-A00E-8589315497F4} = {AAA15E5A-11F5-4E0D-9062-679E36DBDDBA}
		{07850241-27A9-4791-88C6-F738C337E772} = {B7CCD4BB-729C-4C09-9E9C-98F0A9E041A0}
	EndGlobalSection
	GlobalSection(ExtensibilityGlobals) = postSolution
		SolutionGuid = {8C7FCEFF-C6A7-401D-8DF7-A91562194D7B}
	EndGlobalSection
EndGlobal
